<Solution>
  <Configurations>
    <Platform Name="x86" />
    <Platform Name="x64" />
    <Platform Name="ARM64" />
  </Configurations>
  <Folder Name="/samples/">
    <Project Path="samples/Synapse.Sample/Synapse.Sample.csproj" />
  </Folder>
  <Folder Name="/src/">
    <Project Path="src/Synapse/Synapse.csproj" />
  </Folder>
  <Folder Name="/tests/">
    <Project Path="tests/Synapse.Tests/Synapse.Tests.csproj" />
  </Folder>
</Solution>
